// !$*UTF8*$!
{
	archiveVersion = 1;
	classes = {
	};
	objectVersion = 50;
	objects = {

/* Begin PBXBuildFile section */
		AC90711D26B6508800A01AAA /* AppDelegate.swift in Sources */ = {isa = PBXBuildFile; fileRef = AC90711C26B6508800A01AAA /* AppDelegate.swift */; };
		AC90711F26B6508800A01AAA /* SceneDelegate.swift in Sources */ = {isa = PBXBuildFile; fileRef = AC90711E26B6508800A01AAA /* SceneDelegate.swift */; };
		AC90712126B6508800A01AAA /* ViewController.swift in Sources */ = {isa = PBXBuildFile; fileRef = AC90712026B6508800A01AAA /* ViewController.swift */; };
		AC90712426B6508800A01AAA /* Main.storyboard in Resources */ = {isa = PBXBuildFile; fileRef = AC90712226B6508800A01AAA /* Main.storyboard */; };
		AC90712726B6508800A01AAA /* sunfish_game.xcdatamodeld in Sources */ = {isa = PBXBuildFile; fileRef = AC90712526B6508800A01AAA /* sunfish_game.xcdatamodeld */; };
		AC90712926B6509200A01AAA /* Assets.xcassets in Resources */ = {isa = PBXBuildFile; fileRef = AC90712826B6509200A01AAA /* Assets.xcassets */; };
		AC90712C26B6509200A01AAA /* LaunchScreen.storyboard in Resources */ = {isa = PBXBuildFile; fileRef = AC90712A26B6509200A01AAA /* LaunchScreen.storyboard */; };
		AC90713726B6509300A01AAA /* sunfish_gameTests.swift in Sources */ = {isa = PBXBuildFile; fileRef = AC90713626B6509300A01AAA /* sunfish_gameTests.swift */; };
		AC90714226B6509300A01AAA /* sunfish_gameUITests.swift in Sources */ = {isa = PBXBuildFile; fileRef = AC90714126B6509300A01AAA /* sunfish_gameUITests.swift */; };
/* End PBXBuildFile section */

/* Begin PBXContainerItemProxy section */
		AC90713326B6509300A01AAA /* PBXContainerItemProxy */ = {
			isa = PBXContainerItemProxy;
			containerPortal = AC90711126B6508700A01AAA /* Project object */;
			proxyType = 1;
			remoteGlobalIDString = AC90711826B6508800A01AAA;
			remoteInfo = "sunfish game";
		};
		AC90713E26B6509300A01AAA /* PBXContainerItemProxy */ = {
			isa = PBXContainerItemProxy;
			containerPortal = AC90711126B6508700A01AAA /* Project object */;
			proxyType = 1;
			remoteGlobalIDString = AC90711826B6508800A01AAA;
			remoteInfo = "sunfish game";
		};
/* End PBXContainerItemProxy section */

/* Begin PBXFileReference section */
		AC90711926B6508800A01AAA /* sunfish game.app */ = {isa = PBXFileReference; explicitFileType = wrapper.application; includeInIndex = 0; path = "sunfish game.app"; sourceTree = BUILT_PRODUCTS_DIR; };
		AC90711C26B6508800A01AAA /* AppDelegate.swift */ = {isa = PBXFileReference; lastKnownFileType = sourcecode.swift; path = AppDelegate.swift; sourceTree = "<group>"; };
		AC90711E26B6508800A01AAA /* SceneDelegate.swift */ = {isa = PBXFileReference; lastKnownFileType = sourcecode.swift; path = SceneDelegate.swift; sourceTree = "<group>"; };
		AC90712026B6508800A01AAA /* ViewController.swift */ = {isa = PBXFileReference; lastKnownFileType = sourcecode.swift; path = ViewController.swift; sourceTree = "<group>"; };
		AC90712326B6508800A01AAA /* Base */ = {isa = PBXFileReference; lastKnownFileType = file.storyboard; name = Base; path = Base.lproj/Main.storyboard; sourceTree = "<group>"; };
		AC90712626B6508800A01AAA /* sunfish_game.xcdatamodel */ = {isa = PBXFileReference; lastKnownFileType = wrapper.xcdatamodel; path = sunfish_game.xcdatamodel; sourceTree = "<group>"; };
		AC90712826B6509200A01AAA /* Assets.xcassets */ = {isa = PBXFileReference; lastKnownFileType = folder.assetcatalog; path = Assets.xcassets; sourceTree = "<group>"; };
		AC90712B26B6509200A01AAA /* Base */ = {isa = PBXFileReference; lastKnownFileType = file.storyboard; name = Base; path = Base.lproj/LaunchScreen.storyboard; sourceTree = "<group>"; };
		AC90712D26B6509200A01AAA /* Info.plist */ = {isa = PBXFileReference; lastKnownFileType = text.plist.xml; path = Info.plist; sourceTree = "<group>"; };
		AC90713226B6509300A01AAA /* sunfish gameTests.xctest */ = {isa = PBXFileReference; explicitFileType = wrapper.cfbundle; includeInIndex = 0; path = "sunfish gameTests.xctest"; sourceTree = BUILT_PRODUCTS_DIR; };
		AC90713626B6509300A01AAA /* sunfish_gameTests.swift */ = {isa = PBXFileReference; lastKnownFileType = sourcecode.swift; path = sunfish_gameTests.swift; sourceTree = "<group>"; };
		AC90713826B6509300A01AAA /* Info.plist */ = {isa = PBXFileReference; lastKnownFileType = text.plist.xml; path = Info.plist; sourceTree = "<group>"; };
		AC90713D26B6509300A01AAA /* sunfish gameUITests.xctest */ = {isa = PBXFileReference; explicitFileType = wrapper.cfbundle; includeInIndex = 0; path = "sunfish gameUITests.xctest"; sourceTree = BUILT_PRODUCTS_DIR; };
		AC90714126B6509300A01AAA /* sunfish_gameUITests.swift */ = {isa = PBXFileReference; lastKnownFileType = sourcecode.swift; path = sunfish_gameUITests.swift; sourceTree = "<group>"; };
		AC90714326B6509300A01AAA /* Info.plist */ = {isa = PBXFileReference; lastKnownFileType = text.plist.xml; path = Info.plist; sourceTree = "<group>"; };
/* End PBXFileReference section */

/* Begin PBXFrameworksBuildPhase section */
		AC90711626B6508800A01AAA /* Frameworks */ = {
			isa = PBXFrameworksBuildPhase;
			buildActionMask = 2147483647;
			files = (
			);
			runOnlyForDeploymentPostprocessing = 0;
		};
		AC90712F26B6509300A01AAA /* Frameworks */ = {
			isa = PBXFrameworksBuildPhase;
			buildActionMask = 2147483647;
			files = (
			);
			runOnlyForDeploymentPostprocessing = 0;
		};
		AC90713A26B6509300A01AAA /* Frameworks */ = {
			isa = PBXFrameworksBuildPhase;
			buildActionMask = 2147483647;
			files = (
			);
			runOnlyForDeploymentPostprocessing = 0;
		};
/* End PBXFrameworksBuildPhase section */

/* Begin PBXGroup section */
		AC90711026B6508700A01AAA = {
			isa = PBXGroup;
			children = (
				AC90711B26B6508800A01AAA /* sunfish game */,
				AC90713526B6509300A01AAA /* sunfish gameTests */,
				AC90714026B6509300A01AAA /* sunfish gameUITests */,
				AC90711A26B6508800A01AAA /* Products */,
			);
			sourceTree = "<group>";
		};
		AC90711A26B6508800A01AAA /* Products */ = {
			isa = PBXGroup;
			children = (
				AC90711926B6508800A01AAA /* sunfish game.app */,
				AC90713226B6509300A01AAA /* sunfish gameTests.xctest */,
				AC90713D26B6509300A01AAA /* sunfish gameUITests.xctest */,
			);
			name = Products;
			sourceTree = "<group>";
		};
		AC90711B26B6508800A01AAA /* sunfish game */ = {
			isa = PBXGroup;
			children = (
				AC90711C26B6508800A01AAA /* AppDelegate.swift */,
				AC90711E26B6508800A01AAA /* SceneDelegate.swift */,
				AC90712026B6508800A01AAA /* ViewController.swift */,
				AC90712226B6508800A01AAA /* Main.storyboard */,
				AC90712826B6509200A01AAA /* Assets.xcassets */,
				AC90712A26B6509200A01AAA /* LaunchScreen.storyboard */,
				AC90712D26B6509200A01AAA /* Info.plist */,
				AC90712526B6508800A01AAA /* sunfish_game.xcdatamodeld */,
			);
			path = "sunfish game";
			sourceTree = "<group>";
		};
		AC90713526B6509300A01AAA /* sunfish gameTests */ = {
			isa = PBXGroup;
			children = (
				AC90713626B6509300A01AAA /* sunfish_gameTests.swift */,
				AC90713826B6509300A01AAA /* Info.plist */,
			);
			path = "sunfish gameTests";
			sourceTree = "<group>";
		};
		AC90714026B6509300A01AAA /* sunfish gameUITests */ = {
			isa = PBXGroup;
			children = (
				AC90714126B6509300A01AAA /* sunfish_gameUITests.swift */,
				AC90714326B6509300A01AAA /* Info.plist */,
			);
			path = "sunfish gameUITests";
			sourceTree = "<group>";
		};
/* End PBXGroup section */

/* Begin PBXNativeTarget section */
		AC90711826B6508800A01AAA /* sunfish game */ = {
			isa = PBXNativeTarget;
			buildConfigurationList = AC90714626B6509300A01AAA /* Build configuration list for PBXNativeTarget "sunfish game" */;
			buildPhases = (
				AC90711526B6508800A01AAA /* Sources */,
				AC90711626B6508800A01AAA /* Frameworks */,
				AC90711726B6508800A01AAA /* Resources */,
			);
			buildRules = (
			);
			dependencies = (
			);
			name = "sunfish game";
			productName = "sunfish game";
			productReference = AC90711926B6508800A01AAA /* sunfish game.app */;
			productType = "com.apple.product-type.application";
		};
		AC90713126B6509300A01AAA /* sunfish gameTests */ = {
			isa = PBXNativeTarget;
			buildConfigurationList = AC90714926B6509300A01AAA /* Build configuration list for PBXNativeTarget "sunfish gameTests" */;
			buildPhases = (
				AC90712E26B6509300A01AAA /* Sources */,
				AC90712F26B6509300A01AAA /* Frameworks */,
				AC90713026B6509300A01AAA /* Resources */,
			);
			buildRules = (
			);
			dependencies = (
				AC90713426B6509300A01AAA /* PBXTargetDependency */,
			);
			name = "sunfish gameTests";
			productName = "sunfish gameTests";
			productReference = AC90713226B6509300A01AAA /* sunfish gameTests.xctest */;
			productType = "com.apple.product-type.bundle.unit-test";
		};
		AC90713C26B6509300A01AAA /* sunfish gameUITests */ = {
			isa = PBXNativeTarget;
			buildConfigurationList = AC90714C26B6509300A01AAA /* Build configuration list for PBXNativeTarget "sunfish gameUITests" */;
			buildPhases = (
				AC90713926B6509300A01AAA /* Sources */,
				AC90713A26B6509300A01AAA /* Frameworks */,
				AC90713B26B6509300A01AAA /* Resources */,
			);
			buildRules = (
			);
			dependencies = (
				AC90713F26B6509300A01AAA /* PBXTargetDependency */,
			);
			name = "sunfish gameUITests";
			productName = "sunfish gameUITests";
			productReference = AC90713D26B6509300A01AAA /* sunfish gameUITests.xctest */;
			productType = "com.apple.product-type.bundle.ui-testing";
		};
/* End PBXNativeTarget section */

/* Begin PBXProject section */
		AC90711126B6508700A01AAA /* Project object */ = {
			isa = PBXProject;
			attributes = {
				LastSwiftUpdateCheck = 1250;
				LastUpgradeCheck = 1250;
				TargetAttributes = {
					AC90711826B6508800A01AAA = {
						CreatedOnToolsVersion = 12.5.1;
					};
					AC90713126B6509300A01AAA = {
						CreatedOnToolsVersion = 12.5.1;
						TestTargetID = AC90711826B6508800A01AAA;
					};
					AC90713C26B6509300A01AAA = {
						CreatedOnToolsVersion = 12.5.1;
						TestTargetID = AC90711826B6508800A01AAA;
					};
				};
			};
			buildConfigurationList = AC90711426B6508700A01AAA /* Build configuration list for PBXProject "sunfish game" */;
			compatibilityVersion = "Xcode 9.3";
			developmentRegion = en;
			hasScannedForEncodings = 0;
			knownRegions = (
				en,
				Base,
			);
			mainGroup = AC90711026B6508700A01AAA;
			productRefGroup = AC90711A26B6508800A01AAA /* Products */;
			projectDirPath = "";
			projectRoot = "";
			targets = (
				AC90711826B6508800A01AAA /* sunfish game */,
				AC90713126B6509300A01AAA /* sunfish gameTests */,
				AC90713C26B6509300A01AAA /* sunfish gameUITests */,
			);
		};
/* End PBXProject section */

/* Begin PBXResourcesBuildPhase section */
		AC90711726B6508800A01AAA /* Resources */ = {
			isa = PBXResourcesBuildPhase;
			buildActionMask = 2147483647;
			files = (
				AC90712C26B6509200A01AAA /* LaunchScreen.storyboard in Resources */,
				AC90712926B6509200A01AAA /* Assets.xcassets in Resources */,
				AC90712426B6508800A01AAA /* Main.storyboard in Resources */,
			);
			runOnlyForDeploymentPostprocessing = 0;
		};
		AC90713026B6509300A01AAA /* Resources */ = {
			isa = PBXResourcesBuildPhase;
			buildActionMask = 2147483647;
			files = (
			);
			runOnlyForDeploymentPostprocessing = 0;
		};
		AC90713B26B6509300A01AAA /* Resources */ = {
			isa = PBXResourcesBuildPhase;
			buildActionMask = 2147483647;
			files = (
			);
			runOnlyForDeploymentPostprocessing = 0;
		};
/* End PBXResourcesBuildPhase section */

/* Begin PBXSourcesBuildPhase section */
		AC90711526B6508800A01AAA /* Sources */ = {
			isa = PBXSourcesBuildPhase;
			buildActionMask = 2147483647;
			files = (
				AC90712126B6508800A01AAA /* ViewController.swift in Sources */,
				AC90711D26B6508800A01AAA /* AppDelegate.swift in Sources */,
				AC90712726B6508800A01AAA /* sunfish_game.xcdatamodeld in Sources */,
				AC90711F26B6508800A01AAA /* SceneDelegate.swift in Sources */,
			);
			runOnlyForDeploymentPostprocessing = 0;
		};
		AC90712E26B6509300A01AAA /* Sources */ = {
			isa = PBXSourcesBuildPhase;
			buildActionMask = 2147483647;
			files = (
				AC90713726B6509300A01AAA /* sunfish_gameTests.swift in Sources */,
			);
			runOnlyForDeploymentPostprocessing = 0;
		};
		AC90713926B6509300A01AAA /* Sources */ = {
			isa = PBXSourcesBuildPhase;
			buildActionMask = 2147483647;
			files = (
				AC90714226B6509300A01AAA /* sunfish_gameUITests.swift in Sources */,
			);
			runOnlyForDeploymentPostprocessing = 0;
		};
/* End PBXSourcesBuildPhase section */

/* Begin PBXTargetDependency section */
		AC90713426B6509300A01AAA /* PBXTargetDependency */ = {
			isa = PBXTargetDependency;
			target = AC90711826B6508800A01AAA /* sunfish game */;
			targetProxy = AC90713326B6509300A01AAA /* PBXContainerItemProxy */;
		};
		AC90713F26B6509300A01AAA /* PBXTargetDependency */ = {
			isa = PBXTargetDependency;
			target = AC90711826B6508800A01AAA /* sunfish game */;
			targetProxy = AC90713E26B6509300A01AAA /* PBXContainerItemProxy */;
		};
/* End PBXTargetDependency section */

/* Begin PBXVariantGroup section */
		AC90712226B6508800A01AAA /* Main.storyboard */ = {
			isa = PBXVariantGroup;
			children = (
				AC90712326B6508800A01AAA /* Base */,
			);
			name = Main.storyboard;
			sourceTree = "<group>";
		};
		AC90712A26B6509200A01AAA /* LaunchScreen.storyboard */ = {
			isa = PBXVariantGroup;
			children = (
				AC90712B26B6509200A01AAA /* Base */,
			);
			name = LaunchScreen.storyboard;
			sourceTree = "<group>";
		};
/* End PBXVariantGroup section */

/* Begin XCBuildConfiguration section */
		AC90714426B6509300A01AAA /* Debug */ = {
			isa = XCBuildConfiguration;
			buildSettings = {
				ALWAYS_SEARCH_USER_PATHS = NO;
				CLANG_ANALYZER_NONNULL = YES;
				CLANG_ANALYZER_NUMBER_OBJECT_CONVERSION = YES_AGGRESSIVE;
				CLANG_CXX_LANGUAGE_STANDARD = "gnu++14";
				CLANG_CXX_LIBRARY = "libc++";
				CLANG_ENABLE_MODULES = YES;
				CLANG_ENABLE_OBJC_ARC = YES;
				CLANG_ENABLE_OBJC_WEAK = YES;
				CLANG_WARN_BLOCK_CAPTURE_AUTORELEASING = YES;
				CLANG_WARN_BOOL_CONVERSION = YES;
				CLANG_WARN_COMMA = YES;
				CLANG_WARN_CONSTANT_CONVERSION = YES;
				CLANG_WARN_DEPRECATED_OBJC_IMPLEMENTATIONS = YES;
				CLANG_WARN_DIRECT_OBJC_ISA_USAGE = YES_ERROR;
				CLANG_WARN_DOCUMENTATION_COMMENTS = YES;
				CLANG_WARN_EMPTY_BODY = YES;
				CLANG_WARN_ENUM_CONVERSION = YES;
				CLANG_WARN_INFINITE_RECURSION = YES;
				CLANG_WARN_INT_CONVERSION = YES;
				CLANG_WARN_NON_LITERAL_NULL_CONVERSION = YES;
				CLANG_WARN_OBJC_IMPLICIT_RETAIN_SELF = YES;
				CLANG_WARN_OBJC_LITERAL_CONVERSION = YES;
				CLANG_WARN_OBJC_ROOT_CLASS = YES_ERROR;
				CLANG_WARN_QUOTED_INCLUDE_IN_FRAMEWORK_HEADER = YES;
				CLANG_WARN_RANGE_LOOP_ANALYSIS = YES;
				CLANG_WARN_STRICT_PROTOTYPES = YES;
				CLANG_WARN_SUSPICIOUS_MOVE = YES;
				CLANG_WARN_UNGUARDED_AVAILABILITY = YES_AGGRESSIVE;
				CLANG_WARN_UNREACHABLE_CODE = YES;
				CLANG_WARN__DUPLICATE_METHOD_MATCH = YES;
				COPY_PHASE_STRIP = NO;
				DEBUG_INFORMATION_FORMAT = dwarf;
				ENABLE_STRICT_OBJC_MSGSEND = YES;
				ENABLE_TESTABILITY = YES;
				GCC_C_LANGUAGE_STANDARD = gnu11;
				GCC_DYNAMIC_NO_PIC = NO;
				GCC_NO_COMMON_BLOCKS = YES;
				GCC_OPTIMIZATION_LEVEL = 0;
				GCC_PREPROCESSOR_DEFINITIONS = (
					"DEBUG=1",
					"$(inherited)",
				);
				GCC_WARN_64_TO_32_BIT_CONVERSION = YES;
				GCC_WARN_ABOUT_RETURN_TYPE = YES_ERROR;
				GCC_WARN_UNDECLARED_SELECTOR = YES;
				GCC_WARN_UNINITIALIZED_AUTOS = YES_AGGRESSIVE;
				GCC_WARN_UNUSED_FUNCTION = YES;
				GCC_WARN_UNUSED_VARIABLE = YES;
				IPHONEOS_DEPLOYMENT_TARGET = 14.5;
				MTL_ENABLE_DEBUG_INFO = INCLUDE_SOURCE;
				MTL_FAST_MATH = YES;
				ONLY_ACTIVE_ARCH = YES;
				SDKROOT = iphoneos;
				SWIFT_ACTIVE_COMPILATION_CONDITIONS = DEBUG;
				SWIFT_OPTIMIZATION_LEVEL = "-Onone";
			};
			name = Debug;
		};
		AC90714526B6509300A01AAA /* Release */ = {
			isa = XCBuildConfiguration;
			buildSettings = {
				ALWAYS_SEARCH_USER_PATHS = NO;
				CLANG_ANALYZER_NONNULL = YES;
				CLANG_ANALYZER_NUMBER_OBJECT_CONVERSION = YES_AGGRESSIVE;
				CLANG_CXX_LANGUAGE_STANDARD = "gnu++14";
				CLANG_CXX_LIBRARY = "libc++";
				CLANG_ENABLE_MODULES = YES;
				CLANG_ENABLE_OBJC_ARC = YES;
				CLANG_ENABLE_OBJC_WEAK = YES;
				CLANG_WARN_BLOCK_CAPTURE_AUTORELEASING = YES;
				CLANG_WARN_BOOL_CONVERSION = YES;
				CLANG_WARN_COMMA = YES;
				CLANG_WARN_CONSTANT_CONVERSION = YES;
				CLANG_WARN_DEPRECATED_OBJC_IMPLEMENTATIONS = YES;
				CLANG_WARN_DIRECT_OBJC_ISA_USAGE = YES_ERROR;
				CLANG_WARN_DOCUMENTATION_COMMENTS = YES;
				CLANG_WARN_EMPTY_BODY = YES;
				CLANG_WARN_ENUM_CONVERSION = YES;
				CLANG_WARN_INFINITE_RECURSION = YES;
				CLANG_WARN_INT_CONVERSION = YES;
				CLANG_WARN_NON_LITERAL_NULL_CONVERSION = YES;
				CLANG_WARN_OBJC_IMPLICIT_RETAIN_SELF = YES;
				CLANG_WARN_OBJC_LITERAL_CONVERSION = YES;
				CLANG_WARN_OBJC_ROOT_CLASS = YES_ERROR;
				CLANG_WARN_QUOTED_INCLUDE_IN_FRAMEWORK_HEADER = YES;
				CLANG_WARN_RANGE_LOOP_ANALYSIS = YES;
				CLANG_WARN_STRICT_PROTOTYPES = YES;
				CLANG_WARN_SUSPICIOUS_MOVE = YES;
				CLANG_WARN_UNGUARDED_AVAILABILITY = YES_AGGRESSIVE;
				CLANG_WARN_UNREACHABLE_CODE = YES;
				CLANG_WARN__DUPLICATE_METHOD_MATCH = YES;
				COPY_PHASE_STRIP = NO;
				DEBUG_INFORMATION_FORMAT = "dwarf-with-dsym";
				ENABLE_NS_ASSERTIONS = NO;
				ENABLE_STRICT_OBJC_MSGSEND = YES;
				GCC_C_LANGUAGE_STANDARD = gnu11;
				GCC_NO_COMMON_BLOCKS = YES;
				GCC_WARN_64_TO_32_BIT_CONVERSION = YES;
				GCC_WARN_ABOUT_RETURN_TYPE = YES_ERROR;
				GCC_WARN_UNDECLARED_SELECTOR = YES;
				GCC_WARN_UNINITIALIZED_AUTOS = YES_AGGRESSIVE;
				GCC_WARN_UNUSED_FUNCTION = YES;
				GCC_WARN_UNUSED_VARIABLE = YES;
				IPHONEOS_DEPLOYMENT_TARGET = 14.5;
				MTL_ENABLE_DEBUG_INFO = NO;
				MTL_FAST_MATH = YES;
				SDKROOT = iphoneos;
				SWIFT_COMPILATION_MODE = wholemodule;
				SWIFT_OPTIMIZATION_LEVEL = "-O";
				VALIDATE_PRODUCT = YES;
			};
			name = Release;
		};
		AC90714726B6509300A01AAA /* Debug */ = {
			isa = XCBuildConfiguration;
			buildSettings = {
				ASSETCATALOG_COMPILER_APPICON_NAME = AppIcon;
				ASSETCATALOG_COMPILER_GLOBAL_ACCENT_COLOR_NAME = AccentColor;
				CODE_SIGN_STYLE = Automatic;
				DEVELOPMENT_TEAM = 62X53C69X3;
				INFOPLIST_FILE = "sunfish game/Info.plist";
				LD_RUNPATH_SEARCH_PATHS = (
					"$(inherited)",
					"@executable_path/Frameworks",
				);
				PRODUCT_BUNDLE_IDENTIFIER = "rp3.sunfish-game";
				PRODUCT_NAME = "$(TARGET_NAME)";
				SWIFT_VERSION = 5.0;
				TARGETED_DEVICE_FAMILY = "1,2";
			};
			name = Debug;
		};
		AC90714826B6509300A01AAA /* Release */ = {
			isa = XCBuildConfiguration;
			buildSettings = {
				ASSETCATALOG_COMPILER_APPICON_NAME = AppIcon;
				ASSETCATALOG_COMPILER_GLOBAL_ACCENT_COLOR_NAME = AccentColor;
				CODE_SIGN_STYLE = Automatic;
				DEVELOPMENT_TEAM = 62X53C69X3;
				INFOPLIST_FILE = "sunfish game/Info.plist";
				LD_RUNPATH_SEARCH_PATHS = (
					"$(inherited)",
					"@executable_path/Frameworks",
				);
				PRODUCT_BUNDLE_IDENTIFIER = "rp3.sunfish-game";
				PRODUCT_NAME = "$(TARGET_NAME)";
				SWIFT_VERSION = 5.0;
				TARGETED_DEVICE_FAMILY = "1,2";
			};
			name = Release;
		};
		AC90714A26B6509300A01AAA /* Debug */ = {
			isa = XCBuildConfiguration;
			buildSettings = {
				ALWAYS_EMBED_SWIFT_STANDARD_LIBRARIES = YES;
				BUNDLE_LOADER = "$(TEST_HOST)";
				CODE_SIGN_STYLE = Automatic;
				DEVELOPMENT_TEAM = 62X53C69X3;
				INFOPLIST_FILE = "sunfish gameTests/Info.plist";
				IPHONEOS_DEPLOYMENT_TARGET = 14.5;
				LD_RUNPATH_SEARCH_PATHS = (
					"$(inherited)",
					"@executable_path/Frameworks",
					"@loader_path/Frameworks",
				);
				PRODUCT_BUNDLE_IDENTIFIER = "rp3.sunfish-gameTests";
				PRODUCT_NAME = "$(TARGET_NAME)";
				SWIFT_VERSION = 5.0;
				TARGETED_DEVICE_FAMILY = "1,2";
				TEST_HOST = "$(BUILT_PRODUCTS_DIR)/sunfish game.app/sunfish game";
			};
			name = Debug;
		};
		AC90714B26B6509300A01AAA /* Release */ = {
			isa = XCBuildConfiguration;
			buildSettings = {
				ALWAYS_EMBED_SWIFT_STANDARD_LIBRARIES = YES;
				BUNDLE_LOADER = "$(TEST_HOST)";
				CODE_SIGN_STYLE = Automatic;
				DEVELOPMENT_TEAM = 62X53C69X3;
				INFOPLIST_FILE = "sunfish gameTests/Info.plist";
				IPHONEOS_DEPLOYMENT_TARGET = 14.5;
				LD_RUNPATH_SEARCH_PATHS = (
					"$(inherited)",
					"@executable_path/Frameworks",
					"@loader_path/Frameworks",
				);
				PRODUCT_BUNDLE_IDENTIFIER = "rp3.sunfish-gameTests";
				PRODUCT_NAME = "$(TARGET_NAME)";
				SWIFT_VERSION = 5.0;
				TARGETED_DEVICE_FAMILY = "1,2";
				TEST_HOST = "$(BUILT_PRODUCTS_DIR)/sunfish game.app/sunfish game";
			};
			name = Release;
		};
		AC90714D26B6509300A01AAA /* Debug */ = {
			isa = XCBuildConfiguration;
			buildSettings = {
				ALWAYS_EMBED_SWIFT_STANDARD_LIBRARIES = YES;
				CODE_SIGN_STYLE = Automatic;
				DEVELOPMENT_TEAM = 62X53C69X3;
				INFOPLIST_FILE = "sunfish gameUITests/Info.plist";
				LD_RUNPATH_SEARCH_PATHS = (
					"$(inherited)",
					"@executable_path/Frameworks",
					"@loader_path/Frameworks",
				);
				PRODUCT_BUNDLE_IDENTIFIER = "rp3.sunfish-gameUITests";
				PRODUCT_NAME = "$(TARGET_NAME)";
				SWIFT_VERSION = 5.0;
				TARGETED_DEVICE_FAMILY = "1,2";
				TEST_TARGET_NAME = "sunfish game";
			};
			name = Debug;
		};
		AC90714E26B6509300A01AAA /* Release */ = {
			isa = XCBuildConfiguration;
			buildSettings = {
				ALWAYS_EMBED_SWIFT_STANDARD_LIBRARIES = YES;
				CODE_SIGN_STYLE = Automatic;
				DEVELOPMENT_TEAM = 62X53C69X3;
				INFOPLIST_FILE = "sunfish gameUITests/Info.plist";
				LD_RUNPATH_SEARCH_PATHS = (
					"$(inherited)",
					"@executable_path/Frameworks",
					"@loader_path/Frameworks",
				);
				PRODUCT_BUNDLE_IDENTIFIER = "rp3.sunfish-gameUITests";
				PRODUCT_NAME = "$(TARGET_NAME)";
				SWIFT_VERSION = 5.0;
				TARGETED_DEVICE_FAMILY = "1,2";
				TEST_TARGET_NAME = "sunfish game";
			};
			name = Release;
		};
/* End XCBuildConfiguration section */

/* Begin XCConfigurationList section */
		AC90711426B6508700A01AAA /* Build configuration list for PBXProject "sunfish game" */ = {
			isa = XCConfigurationList;
			buildConfigurations = (
				AC90714426B6509300A01AAA /* Debug */,
				AC90714526B6509300A01AAA /* Release */,
			);
			defaultConfigurationIsVisible = 0;
			defaultConfigurationName = Release;
		};
		AC90714626B6509300A01AAA /* Build configuration list for PBXNativeTarget "sunfish game" */ = {
			isa = XCConfigurationList;
			buildConfigurations = (
				AC90714726B6509300A01AAA /* Debug */,
				AC90714826B6509300A01AAA /* Release */,
			);
			defaultConfigurationIsVisible = 0;
			defaultConfigurationName = Release;
		};
		AC90714926B6509300A01AAA /* Build configuration list for PBXNativeTarget "sunfish gameTests" */ = {
			isa = XCConfigurationList;
			buildConfigurations = (
				AC90714A26B6509300A01AAA /* Debug */,
				AC90714B26B6509300A01AAA /* Release */,
			);
			defaultConfigurationIsVisible = 0;
			defaultConfigurationName = Release;
		};
		AC90714C26B6509300A01AAA /* Build configuration list for PBXNativeTarget "sunfish gameUITests" */ = {
			isa = XCConfigurationList;
			buildConfigurations = (
				AC90714D26B6509300A01AAA /* Debug */,
				AC90714E26B6509300A01AAA /* Release */,
			);
			defaultConfigurationIsVisible = 0;
			defaultConfigurationName = Release;
		};
/* End XCConfigurationList section */

/* Begin XCVersionGroup section */
		AC90712526B6508800A01AAA /* sunfish_game.xcdatamodeld */ = {
			isa = XCVersionGroup;
			children = (
				AC90712626B6508800A01AAA /* sunfish_game.xcdatamodel */,
			);
			currentVersion = AC90712626B6508800A01AAA /* sunfish_game.xcdatamodel */;
			path = sunfish_game.xcdatamodeld;
			sourceTree = "<group>";
			versionGroupType = wrapper.xcdatamodel;
		};
/* End XCVersionGroup section */
	};
	rootObject = AC90711126B6508700A01AAA /* Project object */;
}
